
Microsoft Visual Studio Solution File, Format Version 12.00
# Visual Studio 15
VisualStudioVersion = 15.0.28307.168
MinimumVisualStudioVersion = 10.0.40219.1
Project("{8BC9CEB8-8B4A-11D0-8D11-00A0C91BC942}") = "ProiectG3D", "ProiectG3D\ProiectG3D.vcxproj", "{F33F510E-E442-4F1C-8A5B-618A9BC243FE}"
EndProject
Global
	GlobalSection(SolutionConfigurationPlatforms) = preSolution
		Debug|x86 = Debug|x86
		Release|x86 = Release|x86
	EndGlobalSection
	GlobalSection(ProjectConfigurationPlatforms) = postSolution
		{F33F510E-E442-4F1C-8A5B-618A9BC243FE}.Debug|x86.ActiveCfg = Debug|Win32
		{F33F510E-E442-4F1C-8A5B-618A9BC243FE}.Debug|x86.Build.0 = Debug|Win32
		{F33F510E-E442-4F1C-8A5B-618A9BC243FE}.Release|x86.ActiveCfg = Release|Win32
		{F33F510E-E442-4F1C-8A5B-618A9BC243FE}.Release|x86.Build.0 = Release|Win32
	EndGlobalSection
	GlobalSection(SolutionProperties) = preSolution
		HideSolutionNode = FALSE
	EndGlobalSection
	GlobalSection(ExtensibilityGlobals) = postSolution
		SolutionGuid = {B5AC394F-3386-48FB-82E6-6075F8C2B2C0}
	EndGlobalSection
EndGlobal
